// !$*UTF8*$!
{
	archiveVersion = 1;
	classes = {
	};
	objectVersion = 46;
	objects = {

/* Begin PBXBuildFile section */
		8E61D49B1D204FD2000F2AD0 /* AppDelegate.swift in Sources */ = {isa = PBXBuildFile; fileRef = 8E61D49A1D204FD2000F2AD0 /* AppDelegate.swift */; };
		8E61D49D1D204FD2000F2AD0 /* ViewController.swift in Sources */ = {isa = PBXBuildFile; fileRef = 8E61D49C1D204FD2000F2AD0 /* ViewController.swift */; };
		8E61D4A01D204FD2000F2AD0 /* Main.storyboard in Resources */ = {isa = PBXBuildFile; fileRef = 8E61D49E1D204FD2000F2AD0 /* Main.storyboard */; };
		8E61D4A21D204FD2000F2AD0 /* Assets.xcassets in Resources */ = {isa = PBXBuildFile; fileRef = 8E61D4A11D204FD2000F2AD0 /* Assets.xcassets */; };
		8E61D4A51D204FD2000F2AD0 /* LaunchScreen.storyboard in Resources */ = {isa = PBXBuildFile; fileRef = 8E61D4A31D204FD2000F2AD0 /* LaunchScreen.storyboard */; };
		8E61D4AE1D205043000F2AD0 /* UIViewController+ModalPresentationQueue.swift in Sources */ = {isa = PBXBuildFile; fileRef = 8E61D4AD1D205043000F2AD0 /* UIViewController+ModalPresentationQueue.swift */; };
/* End PBXBuildFile section */

/* Begin PBXFileReference section */
		8E61D4971D204FD2000F2AD0 /* ModalPresentationQueueExample.app */ = {isa = PBXFileReference; explicitFileType = wrapper.application; includeInIndex = 0; path = ModalPresentationQueueExample.app; sourceTree = BUILT_PRODUCTS_DIR; };
		8E61D49A1D204FD2000F2AD0 /* AppDelegate.swift */ = {isa = PBXFileReference; lastKnownFileType = sourcecode.swift; path = AppDelegate.swift; sourceTree = "<group>"; };
		8E61D49C1D204FD2000F2AD0 /* ViewController.swift */ = {isa = PBXFileReference; lastKnownFileType = sourcecode.swift; path = ViewController.swift; sourceTree = "<group>"; };
		8E61D49F1D204FD2000F2AD0 /* Base */ = {isa = PBXFileReference; lastKnownFileType = file.storyboard; name = Base; path = Base.lproj/Main.storyboard; sourceTree = "<group>"; };
		8E61D4A11D204FD2000F2AD0 /* Assets.xcassets */ = {isa = PBXFileReference; lastKnownFileType = folder.assetcatalog; path = Assets.xcassets; sourceTree = "<group>"; };
		8E61D4A41D204FD2000F2AD0 /* Base */ = {isa = PBXFileReference; lastKnownFileType = file.storyboard; name = Base; path = Base.lproj/LaunchScreen.storyboard; sourceTree = "<group>"; };
		8E61D4A61D204FD2000F2AD0 /* Info.plist */ = {isa = PBXFileReference; lastKnownFileType = text.plist.xml; path = Info.plist; sourceTree = "<group>"; };
		8E61D4AD1D205043000F2AD0 /* UIViewController+ModalPresentationQueue.swift */ = {isa = PBXFileReference; fileEncoding = 4; lastKnownFileType = sourcecode.swift; path = "UIViewController+ModalPresentationQueue.swift"; sourceTree = "<group>"; };
/* End PBXFileReference section */

/* Begin PBXFrameworksBuildPhase section */
		8E61D4941D204FD2000F2AD0 /* Frameworks */ = {
			isa = PBXFrameworksBuildPhase;
			buildActionMask = 2147483647;
			files = (
			);
			runOnlyForDeploymentPostprocessing = 0;
		};
/* End PBXFrameworksBuildPhase section */

/* Begin PBXGroup section */
		8E61D48E1D204FD2000F2AD0 = {
			isa = PBXGroup;
			children = (
				8E61D4AC1D205043000F2AD0 /* ModalPresentationQueue */,
				8E61D4991D204FD2000F2AD0 /* ModalPresentationQueueExample */,
				8E61D4981D204FD2000F2AD0 /* Products */,
			);
			sourceTree = "<group>";
		};
		8E61D4981D204FD2000F2AD0 /* Products */ = {
			isa = PBXGroup;
			children = (
				8E61D4971D204FD2000F2AD0 /* ModalPresentationQueueExample.app */,
			);
			name = Products;
			sourceTree = "<group>";
		};
		8E61D4991D204FD2000F2AD0 /* ModalPresentationQueueExample */ = {
			isa = PBXGroup;
			children = (
				8E61D49A1D204FD2000F2AD0 /* AppDelegate.swift */,
				8E61D49C1D204FD2000F2AD0 /* ViewController.swift */,
				8E61D49E1D204FD2000F2AD0 /* Main.storyboard */,
				8E61D4A11D204FD2000F2AD0 /* Assets.xcassets */,
				8E61D4A31D204FD2000F2AD0 /* LaunchScreen.storyboard */,
				8E61D4A61D204FD2000F2AD0 /* Info.plist */,
			);
			path = ModalPresentationQueueExample;
			sourceTree = "<group>";
		};
		8E61D4AC1D205043000F2AD0 /* ModalPresentationQueue */ = {
			isa = PBXGroup;
			children = (
				8E61D4AD1D205043000F2AD0 /* UIViewController+ModalPresentationQueue.swift */,
			);
			path = ModalPresentationQueue;
			sourceTree = "<group>";
		};
/* End PBXGroup section */

/* Begin PBXNativeTarget section */
		8E61D4961D204FD2000F2AD0 /* ModalPresentationQueueExample */ = {
			isa = PBXNativeTarget;
			buildConfigurationList = 8E61D4A91D204FD2000F2AD0 /* Build configuration list for PBXNativeTarget "ModalPresentationQueueExample" */;
			buildPhases = (
				8E61D4931D204FD2000F2AD0 /* Sources */,
				8E61D4941D204FD2000F2AD0 /* Frameworks */,
				8E61D4951D204FD2000F2AD0 /* Resources */,
			);
			buildRules = (
			);
			dependencies = (
			);
			name = ModalPresentationQueueExample;
			productName = ModalPresentationQueueExample;
			productReference = 8E61D4971D204FD2000F2AD0 /* ModalPresentationQueueExample.app */;
			productType = "com.apple.product-type.application";
		};
/* End PBXNativeTarget section */

/* Begin PBXProject section */
		8E61D48F1D204FD2000F2AD0 /* Project object */ = {
			isa = PBXProject;
			attributes = {
				LastSwiftUpdateCheck = 0730;
				LastUpgradeCheck = 0730;
				ORGANIZATIONNAME = Nestor;
				TargetAttributes = {
					8E61D4961D204FD2000F2AD0 = {
						CreatedOnToolsVersion = 7.3.1;
					};
				};
			};
			buildConfigurationList = 8E61D4921D204FD2000F2AD0 /* Build configuration list for PBXProject "ModalPresentationQueueExample" */;
			compatibilityVersion = "Xcode 3.2";
			developmentRegion = English;
			hasScannedForEncodings = 0;
			knownRegions = (
				en,
				Base,
			);
			mainGroup = 8E61D48E1D204FD2000F2AD0;
			productRefGroup = 8E61D4981D204FD2000F2AD0 /* Products */;
			projectDirPath = "";
			projectRoot = "";
			targets = (
				8E61D4961D204FD2000F2AD0 /* ModalPresentationQueueExample */,
			);
		};
/* End PBXProject section */

/* Begin PBXResourcesBuildPhase section */
		8E61D4951D204FD2000F2AD0 /* Resources */ = {
			isa = PBXResourcesBuildPhase;
			buildActionMask = 2147483647;
			files = (
				8E61D4A51D204FD2000F2AD0 /* LaunchScreen.storyboard in Resources */,
				8E61D4A21D204FD2000F2AD0 /* Assets.xcassets in Resources */,
				8E61D4A01D204FD2000F2AD0 /* Main.storyboard in Resources */,
			);
			runOnlyForDeploymentPostprocessing = 0;
		};
/* End PBXResourcesBuildPhase section */

/* Begin PBXSourcesBuildPhase section */
		8E61D4931D204FD2000F2AD0 /* Sources */ = {
			isa = PBXSourcesBuildPhase;
			buildActionMask = 2147483647;
			files = (
				8E61D49D1D204FD2000F2AD0 /* ViewController.swift in Sources */,
				8E61D4AE1D205043000F2AD0 /* UIViewController+ModalPresentationQueue.swift in Sources */,
				8E61D49B1D204FD2000F2AD0 /* AppDelegate.swift in Sources */,
			);
			runOnlyForDeploymentPostprocessing = 0;
		};
/* End PBXSourcesBuildPhase section */

/* Begin PBXVariantGroup section */
		8E61D49E1D204FD2000F2AD0 /* Main.storyboard */ = {
			isa = PBXVariantGroup;
			children = (
				8E61D49F1D204FD2000F2AD0 /* Base */,
			);
			name = Main.storyboard;
			sourceTree = "<group>";
		};
		8E61D4A31D204FD2000F2AD0 /* LaunchScreen.storyboard */ = {
			isa = PBXVariantGroup;
			children = (
				8E61D4A41D204FD2000F2AD0 /* Base */,
			);
			name = LaunchScreen.storyboard;
			sourceTree = "<group>";
		};
/* End PBXVariantGroup section */

/* Begin XCBuildConfiguration section */
		8E61D4A71D204FD2000F2AD0 /* Debug */ = {
			isa = XCBuildConfiguration;
			buildSettings = {
				ALWAYS_SEARCH_USER_PATHS = NO;
				CLANG_ANALYZER_NONNULL = YES;
				CLANG_CXX_LANGUAGE_STANDARD = "gnu++0x";
				CLANG_CXX_LIBRARY = "libc++";
				CLANG_ENABLE_MODULES = YES;
				CLANG_ENABLE_OBJC_ARC = YES;
				CLANG_WARN_BOOL_CONVERSION = YES;
				CLANG_WARN_CONSTANT_CONVERSION = YES;
				CLANG_WARN_DIRECT_OBJC_ISA_USAGE = YES_ERROR;
				CLANG_WARN_EMPTY_BODY = YES;
				CLANG_WARN_ENUM_CONVERSION = YES;
				CLANG_WARN_INT_CONVERSION = YES;
				CLANG_WARN_OBJC_ROOT_CLASS = YES_ERROR;
				CLANG_WARN_UNREACHABLE_CODE = YES;
				CLANG_WARN__DUPLICATE_METHOD_MATCH = YES;
				"CODE_SIGN_IDENTITY[sdk=iphoneos*]" = "iPhone Developer";
				COPY_PHASE_STRIP = NO;
				DEBUG_INFORMATION_FORMAT = dwarf;
				ENABLE_STRICT_OBJC_MSGSEND = YES;
				ENABLE_TESTABILITY = YES;
				GCC_C_LANGUAGE_STANDARD = gnu99;
				GCC_DYNAMIC_NO_PIC = NO;
				GCC_NO_COMMON_BLOCKS = YES;
				GCC_OPTIMIZATION_LEVEL = 0;
				GCC_PREPROCESSOR_DEFINITIONS = (
					"DEBUG=1",
					"$(inherited)",
				);
				GCC_WARN_64_TO_32_BIT_CONVERSION = YES;
				GCC_WARN_ABOUT_RETURN_TYPE = YES_ERROR;
				GCC_WARN_UNDECLARED_SELECTOR = YES;
				GCC_WARN_UNINITIALIZED_AUTOS = YES_AGGRESSIVE;
				GCC_WARN_UNUSED_FUNCTION = YES;
				GCC_WARN_UNUSED_VARIABLE = YES;
				IPHONEOS_DEPLOYMENT_TARGET = 9.3;
				MTL_ENABLE_DEBUG_INFO = YES;
				ONLY_ACTIVE_ARCH = YES;
				SDKROOT = iphoneos;
				SWIFT_OPTIMIZATION_LEVEL = "-Onone";
				TARGETED_DEVICE_FAMILY = "1,2";
			};
			name = Debug;
		};
		8E61D4A81D204FD2000F2AD0 /* Release */ = {
			isa = XCBuildConfiguration;
			buildSettings = {
				ALWAYS_SEARCH_USER_PATHS = NO;
				CLANG_ANALYZER_NONNULL = YES;
				CLANG_CXX_LANGUAGE_STANDARD = "gnu++0x";
				CLANG_CXX_LIBRARY = "libc++";
				CLANG_ENABLE_MODULES = YES;
				CLANG_ENABLE_OBJC_ARC = YES;
				CLANG_WARN_BOOL_CONVERSION = YES;
				CLANG_WARN_CONSTANT_CONVERSION = YES;
				CLANG_WARN_DIRECT_OBJC_ISA_USAGE = YES_ERROR;
				CLANG_WARN_EMPTY_BODY = YES;
				CLANG_WARN_ENUM_CONVERSION = YES;
				CLANG_WARN_INT_CONVERSION = YES;
				CLANG_WARN_OBJC_ROOT_CLASS = YES_ERROR;
				CLANG_WARN_UNREACHABLE_CODE = YES;
				CLANG_WARN__DUPLICATE_METHOD_MATCH = YES;
				"CODE_SIGN_IDENTITY[sdk=iphoneos*]" = "iPhone Developer";
				COPY_PHASE_STRIP = NO;
				DEBUG_INFORMATION_FORMAT = "dwarf-with-dsym";
				ENABLE_NS_ASSERTIONS = NO;
				ENABLE_STRICT_OBJC_MSGSEND = YES;
				GCC_C_LANGUAGE_STANDARD = gnu99;
				GCC_NO_COMMON_BLOCKS = YES;
				GCC_WARN_64_TO_32_BIT_CONVERSION = YES;
				GCC_WARN_ABOUT_RETURN_TYPE = YES_ERROR;
				GCC_WARN_UNDECLARED_SELECTOR = YES;
				GCC_WARN_UNINITIALIZED_AUTOS = YES_AGGRESSIVE;
				GCC_WARN_UNUSED_FUNCTION = YES;
				GCC_WARN_UNUSED_VARIABLE = YES;
				IPHONEOS_DEPLOYMENT_TARGET = 9.3;
				MTL_ENABLE_DEBUG_INFO = NO;
				SDKROOT = iphoneos;
				TARGETED_DEVICE_FAMILY = "1,2";
				VALIDATE_PRODUCT = YES;
			};
			name = Release;
		};
		8E61D4AA1D204FD2000F2AD0 /* Debug */ = {
			isa = XCBuildConfiguration;
			buildSettings = {
				ASSETCATALOG_COMPILER_APPICON_NAME = AppIcon;
				INFOPLIST_FILE = ModalPresentationQueueExample/Info.plist;
				LD_RUNPATH_SEARCH_PATHS = "$(inherited) @executable_path/Frameworks";
				PRODUCT_BUNDLE_IDENTIFIER = com.nestor.ModalPresentationQueueExample;
				PRODUCT_NAME = "$(TARGET_NAME)";
			};
			name = Debug;
		};
		8E61D4AB1D204FD2000F2AD0 /* Release */ = {
			isa = XCBuildConfiguration;
			buildSettings = {
				ASSETCATALOG_COMPILER_APPICON_NAME = AppIcon;
				INFOPLIST_FILE = ModalPresentationQueueExample/Info.plist;
				LD_RUNPATH_SEARCH_PATHS = "$(inherited) @executable_path/Frameworks";
				PRODUCT_BUNDLE_IDENTIFIER = com.nestor.ModalPresentationQueueExample;
				PRODUCT_NAME = "$(TARGET_NAME)";
			};
			name = Release;
		};
/* End XCBuildConfiguration section */

/* Begin XCConfigurationList section */
		8E61D4921D204FD2000F2AD0 /* Build configuration list for PBXProject "ModalPresentationQueueExample" */ = {
			isa = XCConfigurationList;
			buildConfigurations = (
				8E61D4A71D204FD2000F2AD0 /* Debug */,
				8E61D4A81D204FD2000F2AD0 /* Release */,
			);
			defaultConfigurationIsVisible = 0;
			defaultConfigurationName = Release;
		};
		8E61D4A91D204FD2000F2AD0 /* Build configuration list for PBXNativeTarget "ModalPresentationQueueExample" */ = {
			isa = XCConfigurationList;
			buildConfigurations = (
				8E61D4AA1D204FD2000F2AD0 /* Debug */,
				8E61D4AB1D204FD2000F2AD0 /* Release */,
			);
			defaultConfigurationIsVisible = 0;
		};
/* End XCConfigurationList section */
	};
	rootObject = 8E61D48F1D204FD2000F2AD0 /* Project object */;
}
